
Microsoft Visual Studio Solution File, Format Version 12.00
# Visual Studio Version 17
VisualStudioVersion = 17.7.34031.279
MinimumVisualStudioVersion = 10.0.40219.1
Project("{9A19103F-16F7-4668-BE54-9A1E7A4F7556}") = "PanelController", "PanelController\PanelController.csproj", "{890B9AE7-E7B8-4B81-92A6-5B1CD174274E}"
EndProject
Project("{2150E333-8FDC-42A3-9474-1A3956D46DE8}") = "Repository", "Repository", "{E1BCC07D-C20D-4FEC-9148-9182B4E56D65}"
	ProjectSection(SolutionItems) = preProject
		.gitignore = .gitignore
		LICENSE = LICENSE
	EndProjectSection
EndProject
Global
	GlobalSection(SolutionConfigurationPlatforms) = preSolution
		Debug|Any CPU = Debug|Any CPU
		Release|Any CPU = Release|Any CPU
	EndGlobalSection
	GlobalSection(ProjectConfigurationPlatforms) = postSolution
		{890B9AE7-E7B8-4B81-92A6-5B1CD174274E}.Debug|Any CPU.ActiveCfg = Debug|Any CPU
		{890B9AE7-E7B8-4B81-92A6-5B1CD174274E}.Debug|Any CPU.Build.0 = Debug|Any CPU
		{890B9AE7-E7B8-4B81-92A6-5B1CD174274E}.Release|Any CPU.ActiveCfg = Release|Any CPU
		{890B9AE7-E7B8-4B81-92A6-5B1CD174274E}.Release|Any CPU.Build.0 = Release|Any CPU
	EndGlobalSection
	GlobalSection(SolutionProperties) = preSolution
		HideSolutionNode = FALSE
	EndGlobalSection
	GlobalSection(ExtensibilityGlobals) = postSolution
		SolutionGuid = {1E21D8F5-BFD4-4126-AF3A-0A58A58659A3}
	EndGlobalSection
EndGlobal
